<Solution>
  <Project Path="App01-GreetingBinding/App01-GreetingBinding.csproj" />
  <Project Path="App02-FormValidation/App02-FormValidation.csproj" />
  <Project Path="App03-ToDoList/App03-ToDoList.csproj" />
  <Project Path="App04-CounterBinding/App04-CounterBinding.csproj" />
  <Project Path="App05-AuthenticationState/App05-AuthenticationState.csproj" />
  <Project Path="App06-NotificationService/App06-NotificationService.csproj" />
  <Project Path="App07-ThemeSwitcher/App07-ThemeSwitcher.csproj" />
  <Project Path="App08-ToDoWithDatabase/App08-ToDoWithDatabase.csproj" />
</Solution>
